
Microsoft Visual Studio Solution File, Format Version 12.00
# Visual Studio Version 17
VisualStudioVersion = 17.10.35013.160
MinimumVisualStudioVersion = 10.0.40219.1
Project("{FAE04EC0-301F-11D3-BF4B-00C04F79EFBC}") = "TiendaWeb", "TiendaWeb\TiendaWeb.csproj", "{047879B4-963E-4C5F-868C-43A0AC154278}"
EndProject
Project("{FAE04EC0-301F-11D3-BF4B-00C04F79EFBC}") = "AcessoDatos", "AcessoDatos\AcessoDatos.csproj", "{B22B82A4-2229-4E71-88BE-F445CD3E3E04}"
EndProject
Project("{FAE04EC0-301F-11D3-BF4B-00C04F79EFBC}") = "dominio", "dominio\dominio.csproj", "{C72E8241-95B7-48B5-8FE5-73C64BCA27D3}"
EndProject
Project("{FAE04EC0-301F-11D3-BF4B-00C04F79EFBC}") = "negocio", "negocio\negocio.csproj", "{D464FBC2-2A4B-4DF7-810F-60D8CEB54A06}"
EndProject
Global
	GlobalSection(SolutionConfigurationPlatforms) = preSolution
		Debug|Any CPU = Debug|Any CPU
		Release|Any CPU = Release|Any CPU
	EndGlobalSection
	GlobalSection(ProjectConfigurationPlatforms) = postSolution
		{047879B4-963E-4C5F-868C-43A0AC154278}.Debug|Any CPU.ActiveCfg = Debug|Any CPU
		{047879B4-963E-4C5F-868C-43A0AC154278}.Debug|Any CPU.Build.0 = Debug|Any CPU
		{047879B4-963E-4C5F-868C-43A0AC154278}.Release|Any CPU.ActiveCfg = Release|Any CPU
		{047879B4-963E-4C5F-868C-43A0AC154278}.Release|Any CPU.Build.0 = Release|Any CPU
		{B22B82A4-2229-4E71-88BE-F445CD3E3E04}.Debug|Any CPU.ActiveCfg = Debug|Any CPU
		{B22B82A4-2229-4E71-88BE-F445CD3E3E04}.Debug|Any CPU.Build.0 = Debug|Any CPU
		{B22B82A4-2229-4E71-88BE-F445CD3E3E04}.Release|Any CPU.ActiveCfg = Release|Any CPU
		{B22B82A4-2229-4E71-88BE-F445CD3E3E04}.Release|Any CPU.Build.0 = Release|Any CPU
		{C72E8241-95B7-48B5-8FE5-73C64BCA27D3}.Debug|Any CPU.ActiveCfg = Debug|Any CPU
		{C72E8241-95B7-48B5-8FE5-73C64BCA27D3}.Debug|Any CPU.Build.0 = Debug|Any CPU
		{C72E8241-95B7-48B5-8FE5-73C64BCA27D3}.Release|Any CPU.ActiveCfg = Release|Any CPU
		{C72E8241-95B7-48B5-8FE5-73C64BCA27D3}.Release|Any CPU.Build.0 = Release|Any CPU
		{D464FBC2-2A4B-4DF7-810F-60D8CEB54A06}.Debug|Any CPU.ActiveCfg = Debug|Any CPU
		{D464FBC2-2A4B-4DF7-810F-60D8CEB54A06}.Debug|Any CPU.Build.0 = Debug|Any CPU
		{D464FBC2-2A4B-4DF7-810F-60D8CEB54A06}.Release|Any CPU.ActiveCfg = Release|Any CPU
		{D464FBC2-2A4B-4DF7-810F-60D8CEB54A06}.Release|Any CPU.Build.0 = Release|Any CPU
	EndGlobalSection
	GlobalSection(SolutionProperties) = preSolution
		HideSolutionNode = FALSE
	EndGlobalSection
	GlobalSection(ExtensibilityGlobals) = postSolution
		SolutionGuid = {0CCF46F7-3C46-4BE9-8793-7E3C62A6FD27}
	EndGlobalSection
EndGlobal
